{
  "nodes": {
    "bootstrap": {
      "flake": false,
      "locked": {
        "lastModified": 1708442069,
        "narHash": "sha256-LHVVm2NqlWS4HEhtSehPuLu/8yjEUex5EmMEfd2u7v8=",
        "owner": "twbs",
        "repo": "bootstrap",
        "rev": "6e1f75f420f68e1d52733b8e407fc7c3766c9dba",
        "type": "github"
      },
      "original": {
        "owner": "twbs",
        "ref": "v5.3.3",
        "repo": "bootstrap",
        "type": "github"
      }
    },
    "crane": {
      "locked": {
        "lastModified": 1742394900,
        "narHash": "sha256-vVOAp9ahvnU+fQoKd4SEXB2JG2wbENkpqcwlkIXgUC0=",
        "owner": "ipetkov",
        "repo": "crane",
        "rev": "70947c1908108c0c551ddfd73d4f750ff2ea67cd",
        "type": "github"
      },
      "original": {
        "owner": "ipetkov",
        "repo": "crane",
        "type": "github"
      }
    },
    "flake-utils": {
      "inputs": {
        "systems": "systems"
      },
      "locked": {
        "lastModified": 1726560853,
        "narHash": "sha256-X6rJYSESBVr3hBoH0WbKE5KvhPU5bloyZ2L4K60/fPQ=",
        "owner": "numtide",
        "repo": "flake-utils",
        "rev": "c1dfcf08411b08f6b8615f7d8971a2bfa81d5e8a",
        "type": "github"
      },
      "original": {
        "owner": "numtide",
        "repo": "flake-utils",
        "type": "github"
      }
    },
    "flake-utils_2": {
      "inputs": {
        "systems": "systems_2"
      },
      "locked": {
        "lastModified": 1731533236,
        "narHash": "sha256-l0KFg5HjrsfsO/JpG+r7fRrqm12kzFHyUHqHCVpMMbI=",
        "owner": "numtide",
        "repo": "flake-utils",
        "rev": "11707dc2f618dd54ca8739b309ec4fc024de578b",
        "type": "github"
      },
      "original": {
        "owner": "numtide",
        "repo": "flake-utils",
        "type": "github"
      }
    },
    "hugo-jslibs-dist": {
      "flake": false,
      "locked": {
        "lastModified": 1713178332,
        "narHash": "sha256-XyZ8vSXM91Qgh86xwbdFdYTZFebxmmRXh8K3VL/H8Hw=",
        "owner": "gohugoio",
        "repo": "hugo-mod-jslibs-dist",
        "rev": "18762bc856492ade7e3626a7fca2b214b547669d",
        "type": "github"
      },
      "original": {
        "owner": "gohugoio",
        "repo": "hugo-mod-jslibs-dist",
        "type": "github"
      }
    },
    "icons": {
      "flake": false,
      "locked": {
        "lastModified": 1710444208,
        "narHash": "sha256-dHMXORjkIvoK1CgfdifRPl1iyDJ+t5WFyhCFk5QhZCY=",
        "owner": "tabler",
        "repo": "tabler-icons",
        "rev": "f12135fe425d90190602addc96a3858f18635c20",
        "type": "github"
      },
      "original": {
        "owner": "tabler",
        "ref": "v3.1.0",
        "repo": "tabler-icons",
        "type": "github"
      }
    },
    "nixpkgs": {
      "locked": {
        "lastModified": 1742606399,
        "narHash": "sha256-NAxwF5cjgh8o5aylhePXWNQETCWYaTpNvdO2bMfINpQ=",
        "owner": "NixOS",
        "repo": "nixpkgs",
        "rev": "0740f6f238767d4caf9afe774d3e88105766dfc6",
        "type": "github"
      },
      "original": {
        "owner": "NixOS",
        "ref": "nixpkgs-unstable",
        "repo": "nixpkgs",
        "type": "github"
      }
    },
    "root": {
      "inputs": {
        "bootstrap": "bootstrap",
        "flake-utils": "flake-utils",
        "hugo-jslibs-dist": "hugo-jslibs-dist",
        "icons": "icons",
        "nixpkgs": "nixpkgs",
        "server": "server"
      }
    },
    "server": {
      "inputs": {
        "crane": "crane",
        "flake-utils": "flake-utils_2",
        "nixpkgs": [
          "nixpkgs"
        ]
      },
      "locked": {
        "lastModified": 1742743666,
        "narHash": "sha256-BKtkfiWb0JY7IchiY32waJY0LCoW3olMhErCsDsuRpA=",
        "owner": "fscs",
        "repo": "website-server",
        "rev": "e0efcf24845fe6d90199d9a949ab8ac61326932b",
        "type": "github"
      },
      "original": {
        "owner": "fscs",
        "repo": "website-server",
        "type": "github"
      }
    },
    "systems": {
      "locked": {
        "lastModified": 1681028828,
        "narHash": "sha256-Vy1rq5AaRuLzOxct8nz4T6wlgyUR7zLU309k9mBC768=",
        "owner": "nix-systems",
        "repo": "default",
        "rev": "da67096a3b9bf56a91d16901293e51ba5b49a27e",
        "type": "github"
      },
      "original": {
        "owner": "nix-systems",
        "repo": "default",
        "type": "github"
      }
    },
    "systems_2": {
      "locked": {
        "lastModified": 1681028828,
        "narHash": "sha256-Vy1rq5AaRuLzOxct8nz4T6wlgyUR7zLU309k9mBC768=",
        "owner": "nix-systems",
        "repo": "default",
        "rev": "da67096a3b9bf56a91d16901293e51ba5b49a27e",
        "type": "github"
      },
      "original": {
        "owner": "nix-systems",
        "repo": "default",
        "type": "github"
      }
    }
  },
  "root": "root",
  "version": 7
}
