{
  "nodes": {
    "crane": {
      "inputs": {
        "nixpkgs": [
          "server",
          "nixpkgs"
        ]
      },
      "locked": {
        "lastModified": 1708794349,
        "narHash": "sha256-jX+B1VGHT0ruHHL5RwS8L21R6miBn4B6s9iVyUJsJJY=",
        "owner": "ipetkov",
        "repo": "crane",
        "rev": "2c94ff9a6fbeb9f3ea0107f28688edbe9c81deaa",
        "type": "github"
      },
      "original": {
        "owner": "ipetkov",
        "repo": "crane",
        "type": "github"
      }
    },
    "flake-utils": {
      "inputs": {
        "systems": "systems"
      },
      "locked": {
        "lastModified": 1705309234,
        "narHash": "sha256-uNRRNRKmJyCRC/8y1RqBkqWBLM034y4qN7EprSdmgyA=",
        "owner": "numtide",
        "repo": "flake-utils",
        "rev": "1ef2e671c3b0c19053962c07dbda38332dcebf26",
        "type": "github"
      },
      "original": {
        "owner": "numtide",
        "repo": "flake-utils",
        "type": "github"
      }
    },
    "nixpkgs": {
      "locked": {
        "lastModified": 1708751719,
        "narHash": "sha256-0uWOKSpXJXmXswOvDM5Vk3blB74apFB6rNGWV5IjoN0=",
        "owner": "NixOS",
        "repo": "nixpkgs",
        "rev": "f63ce824cd2f036216eb5f637dfef31e1a03ee89",
        "type": "github"
      },
      "original": {
        "owner": "NixOS",
        "ref": "nixpkgs-unstable",
        "repo": "nixpkgs",
        "type": "github"
      }
    },
    "root": {
      "inputs": {
        "flake-utils": "flake-utils",
        "nixpkgs": "nixpkgs",
        "server": "server"
      }
    },
    "rust-overlay": {
      "inputs": {
        "flake-utils": [
          "server",
          "flake-utils"
        ],
        "nixpkgs": [
          "server",
          "nixpkgs"
        ]
      },
      "locked": {
        "lastModified": 1708999822,
        "narHash": "sha256-X55GxqI3oDEfqy38Pt7xyypYNly4bkd/RajFE+FGn+A=",
        "owner": "oxalica",
        "repo": "rust-overlay",
        "rev": "1a618c62479a6896ac497aaa0d969c6bd8e24911",
        "type": "github"
      },
      "original": {
        "owner": "oxalica",
        "repo": "rust-overlay",
        "type": "github"
      }
    },
    "server": {
      "inputs": {
        "crane": "crane",
        "flake-utils": [
          "flake-utils"
        ],
        "nixpkgs": [
          "nixpkgs"
        ],
        "rust-overlay": "rust-overlay",
        "theme": "theme",
        "website": "website"
      },
      "locked": {
        "lastModified": 1709169295,
        "narHash": "sha256-YzlKbNgdk1VArl3q1d/Uv2sIsTRBDKLr1OL8lBUCJYs=",
        "ref": "refs/heads/main",
        "rev": "5f5e54883650a8d5cc4ddf3124526ddf8ec35131",
        "revCount": 13,
        "type": "git",
        "url": "ssh://git@github.com/fscs/website-server.git"
      },
      "original": {
        "type": "git",
        "url": "ssh://git@github.com/fscs/website-server.git"
      }
    },
    "systems": {
      "locked": {
        "lastModified": 1681028828,
        "narHash": "sha256-Vy1rq5AaRuLzOxct8nz4T6wlgyUR7zLU309k9mBC768=",
        "owner": "nix-systems",
        "repo": "default",
        "rev": "da67096a3b9bf56a91d16901293e51ba5b49a27e",
        "type": "github"
      },
      "original": {
        "owner": "nix-systems",
        "repo": "default",
        "type": "github"
      }
    },
    "theme": {
      "inputs": {
        "flake-utils": [
          "server",
          "flake-utils"
        ],
        "nixpkgs": [
          "server",
          "nixpkgs"
        ]
      },
      "locked": {
        "lastModified": 1709165699,
        "narHash": "sha256-asrug8JYAFA3a5oR8gTGseaH00dfZEeBwW0tHl4lFDo=",
        "owner": "fscs",
        "repo": "website-theme",
        "rev": "a490f8ba9d0eba71831c920b0e465e153ed74b6a",
        "type": "github"
      },
      "original": {
        "owner": "fscs",
        "repo": "website-theme",
        "type": "github"
      }
    },
    "website": {
      "inputs": {
        "flake-utils": [
          "server",
          "flake-utils"
        ],
        "nixpkgs": [
          "server",
          "nixpkgs"
        ],
        "theme": [
          "server",
          "theme"
        ]
      },
      "locked": {
        "lastModified": 1709036964,
        "narHash": "sha256-JG2sSR73B6Wy1cqvDK84hjWyrsC35yLKP8/wAMTNU0s=",
        "ref": "refs/heads/main",
        "rev": "7593666f04926ac80d61bebc78dab763b424a67e",
        "revCount": 12,
        "type": "git",
        "url": "ssh://git@git.hhu.de/fscs/website.git"
      },
      "original": {
        "type": "git",
        "url": "ssh://git@git.hhu.de/fscs/website.git"
      }
    }
  },
  "root": "root",
  "version": 7
}
