{
  "nodes": {
    "crane": {
      "inputs": {
        "nixpkgs": [
          "server",
          "nixpkgs"
        ]
      },
      "locked": {
        "lastModified": 1709485267,
        "narHash": "sha256-bunOdYTK9YNiy+u0D6YN8q40oAeHoQ+9EgoatF3InJ8=",
        "owner": "ipetkov",
        "repo": "crane",
        "rev": "e4a71521a8eafc07524c55326ecc4ea942b06e25",
        "type": "github"
      },
      "original": {
        "owner": "ipetkov",
        "repo": "crane",
        "type": "github"
      }
    },
    "crane_2": {
      "inputs": {
        "nixpkgs": [
          "server",
          "theme",
          "server",
          "nixpkgs"
        ]
      },
      "locked": {
        "lastModified": 1708794349,
        "narHash": "sha256-jX+B1VGHT0ruHHL5RwS8L21R6miBn4B6s9iVyUJsJJY=",
        "owner": "ipetkov",
        "repo": "crane",
        "rev": "2c94ff9a6fbeb9f3ea0107f28688edbe9c81deaa",
        "type": "github"
      },
      "original": {
        "owner": "ipetkov",
        "repo": "crane",
        "type": "github"
      }
    },
    "flake-utils": {
      "inputs": {
        "systems": "systems"
      },
      "locked": {
        "lastModified": 1709126324,
        "narHash": "sha256-q6EQdSeUZOG26WelxqkmR7kArjgWCdw5sfJVHPH/7j8=",
        "owner": "numtide",
        "repo": "flake-utils",
        "rev": "d465f4819400de7c8d874d50b982301f28a84605",
        "type": "github"
      },
      "original": {
        "owner": "numtide",
        "repo": "flake-utils",
        "type": "github"
      }
    },
    "nixpkgs": {
      "locked": {
        "lastModified": 1709386671,
        "narHash": "sha256-VPqfBnIJ+cfa78pd4Y5Cr6sOWVW8GYHRVucxJGmRf8Q=",
        "owner": "NixOS",
        "repo": "nixpkgs",
        "rev": "fa9a51752f1b5de583ad5213eb621be071806663",
        "type": "github"
      },
      "original": {
        "owner": "NixOS",
        "ref": "nixpkgs-unstable",
        "repo": "nixpkgs",
        "type": "github"
      }
    },
    "root": {
      "inputs": {
        "flake-utils": "flake-utils",
        "nixpkgs": "nixpkgs",
        "server": "server"
      }
    },
    "rust-overlay": {
      "inputs": {
        "flake-utils": [
          "server",
          "flake-utils"
        ],
        "nixpkgs": [
          "server",
          "nixpkgs"
        ]
      },
      "locked": {
        "lastModified": 1709431943,
        "narHash": "sha256-CqTcEJGITB3rfSuAcWC1QZnbVnIipXmIDbZHfxsAy80=",
        "owner": "oxalica",
        "repo": "rust-overlay",
        "rev": "362184acf4a991f27fc222864e94a2e81b3c3c9f",
        "type": "github"
      },
      "original": {
        "owner": "oxalica",
        "repo": "rust-overlay",
        "type": "github"
      }
    },
    "rust-overlay_2": {
      "inputs": {
        "flake-utils": [
          "server",
          "theme",
          "server",
          "flake-utils"
        ],
        "nixpkgs": [
          "server",
          "theme",
          "server",
          "nixpkgs"
        ]
      },
      "locked": {
        "lastModified": 1708999822,
        "narHash": "sha256-X55GxqI3oDEfqy38Pt7xyypYNly4bkd/RajFE+FGn+A=",
        "owner": "oxalica",
        "repo": "rust-overlay",
        "rev": "1a618c62479a6896ac497aaa0d969c6bd8e24911",
        "type": "github"
      },
      "original": {
        "owner": "oxalica",
        "repo": "rust-overlay",
        "type": "github"
      }
    },
    "server": {
      "inputs": {
        "crane": "crane",
        "flake-utils": [
          "flake-utils"
        ],
        "nixpkgs": [
          "nixpkgs"
        ],
        "rust-overlay": "rust-overlay",
        "theme": "theme",
        "website": "website_2"
      },
      "locked": {
        "lastModified": 1709504850,
        "narHash": "sha256-MPJLPNE/rzfm6w9GZaAxvi5W8V+J/XLHoggBe1n/8kM=",
        "ref": "refs/heads/main",
        "rev": "f655b94d84fcd0bcc9613e655b41954dbb19c23c",
        "revCount": 24,
        "type": "git",
        "url": "ssh://git@github.com/fscs/website-server.git"
      },
      "original": {
        "type": "git",
        "url": "ssh://git@github.com/fscs/website-server.git"
      }
    },
    "server_2": {
      "inputs": {
        "crane": "crane_2",
        "flake-utils": [
          "server",
          "theme",
          "flake-utils"
        ],
        "nixpkgs": [
          "server",
          "theme",
          "nixpkgs"
        ],
        "rust-overlay": "rust-overlay_2",
        "theme": "theme_2",
        "website": "website"
      },
      "locked": {
        "lastModified": 1709169295,
        "narHash": "sha256-YzlKbNgdk1VArl3q1d/Uv2sIsTRBDKLr1OL8lBUCJYs=",
        "ref": "refs/heads/main",
        "rev": "5f5e54883650a8d5cc4ddf3124526ddf8ec35131",
        "revCount": 13,
        "type": "git",
        "url": "ssh://git@github.com/fscs/website-server.git"
      },
      "original": {
        "type": "git",
        "url": "ssh://git@github.com/fscs/website-server.git"
      }
    },
    "systems": {
      "locked": {
        "lastModified": 1681028828,
        "narHash": "sha256-Vy1rq5AaRuLzOxct8nz4T6wlgyUR7zLU309k9mBC768=",
        "owner": "nix-systems",
        "repo": "default",
        "rev": "da67096a3b9bf56a91d16901293e51ba5b49a27e",
        "type": "github"
      },
      "original": {
        "owner": "nix-systems",
        "repo": "default",
        "type": "github"
      }
    },
    "theme": {
      "inputs": {
        "flake-utils": [
          "server",
          "flake-utils"
        ],
        "nixpkgs": [
          "server",
          "nixpkgs"
        ],
        "server": "server_2"
      },
      "locked": {
        "lastModified": 1709289973,
        "narHash": "sha256-FKTayrwL6JGLVFqk5DnUW8q4iYcBQ+/5iRaTfa7batI=",
        "owner": "fscs",
        "repo": "website-theme",
        "rev": "9d92d159dde51c50acf25fbb5bcb7b0628c8c3bc",
        "type": "github"
      },
      "original": {
        "owner": "fscs",
        "repo": "website-theme",
        "type": "github"
      }
    },
    "theme_2": {
      "inputs": {
        "flake-utils": [
          "server",
          "theme",
          "server",
          "flake-utils"
        ],
        "nixpkgs": [
          "server",
          "theme",
          "server",
          "nixpkgs"
        ]
      },
      "locked": {
        "lastModified": 1709165699,
        "narHash": "sha256-asrug8JYAFA3a5oR8gTGseaH00dfZEeBwW0tHl4lFDo=",
        "owner": "fscs",
        "repo": "website-theme",
        "rev": "a490f8ba9d0eba71831c920b0e465e153ed74b6a",
        "type": "github"
      },
      "original": {
        "owner": "fscs",
        "repo": "website-theme",
        "type": "github"
      }
    },
    "website": {
      "inputs": {
        "flake-utils": [
          "server",
          "theme",
          "server",
          "flake-utils"
        ],
        "nixpkgs": [
          "server",
          "theme",
          "server",
          "nixpkgs"
        ],
        "theme": [
          "server",
          "theme",
          "server",
          "theme"
        ]
      },
      "locked": {
        "lastModified": 1709036964,
        "narHash": "sha256-JG2sSR73B6Wy1cqvDK84hjWyrsC35yLKP8/wAMTNU0s=",
        "ref": "refs/heads/main",
        "rev": "7593666f04926ac80d61bebc78dab763b424a67e",
        "revCount": 12,
        "type": "git",
        "url": "ssh://git@git.hhu.de/fscs/website.git"
      },
      "original": {
        "type": "git",
        "url": "ssh://git@git.hhu.de/fscs/website.git"
      }
    },
    "website_2": {
      "inputs": {
        "flake-utils": [
          "server",
          "flake-utils"
        ],
        "nixpkgs": [
          "server",
          "nixpkgs"
        ],
        "theme": [
          "server",
          "theme"
        ]
      },
      "locked": {
        "lastModified": 1709036964,
        "narHash": "sha256-JG2sSR73B6Wy1cqvDK84hjWyrsC35yLKP8/wAMTNU0s=",
        "ref": "refs/heads/main",
        "rev": "7593666f04926ac80d61bebc78dab763b424a67e",
        "revCount": 12,
        "type": "git",
        "url": "ssh://git@git.hhu.de/fscs/website.git"
      },
      "original": {
        "type": "git",
        "url": "ssh://git@git.hhu.de/fscs/website.git"
      }
    }
  },
  "root": "root",
  "version": 7
}
