github.com/tabler/tabler-icons v2.47.0+incompatible h1:Q1zk2ZQHXZK2vsfbMKeeee3vUypEpqVUCHmuz4XLdmY=
github.com/tabler/tabler-icons v2.47.0+incompatible/go.mod h1:Ap75CRdhXxprnUnPlUCRLvJ2pIFNqwxIipj3GfD6XHE=
github.com/tabler/tabler-icons v3.1.0+incompatible h1:5xVD/9g/mCaXX5QWnJ0+0uOLJ6jSif8QBu8/MJE9IwE=
github.com/tabler/tabler-icons v3.1.0+incompatible/go.mod h1:Ap75CRdhXxprnUnPlUCRLvJ2pIFNqwxIipj3GfD6XHE=
